// !$*UTF8*$!
{
	archiveVersion = 1;
	classes = {
	};
	objectVersion = 46;
	objects = {

/* Begin PBXBuildFile section */
		B52343251DA6C36100AD5550 /* FDataSnapshotExtensions.swift in Sources */ = {isa = PBXBuildFile; fileRef = B52343241DA6C36100AD5550 /* FDataSnapshotExtensions.swift */; };
		B523433D1DA6CB3700AD5550 /* UIKitExtensions.swift in Sources */ = {isa = PBXBuildFile; fileRef = B523433C1DA6CB3700AD5550 /* UIKitExtensions.swift */; };
		B52343561DA6D1A200AD5550 /* ReactiveObjC.framework in Frameworks */ = {isa = PBXBuildFile; fileRef = B523434D1DA6D18700AD5550 /* ReactiveObjC.framework */; };
		B52343571DA6D1E900AD5550 /* ReactiveObjC.framework in Embed Frameworks */ = {isa = PBXBuildFile; fileRef = B523434D1DA6D18700AD5550 /* ReactiveObjC.framework */; settings = {ATTRIBUTES = (CodeSignOnCopy, RemoveHeadersOnCopy, ); }; };
		B52343651DAD6F7000AD5550 /* HNEnums.swift in Sources */ = {isa = PBXBuildFile; fileRef = B52343641DAD6F7000AD5550 /* HNEnums.swift */; };
		B52343831DAD819100AD5550 /* HNItems+Protocols.swift in Sources */ = {isa = PBXBuildFile; fileRef = B52343821DAD819100AD5550 /* HNItems+Protocols.swift */; };
		B52AC3261DA57C80005ED981 /* Firebase.framework in Frameworks */ = {isa = PBXBuildFile; fileRef = B52AC3251DA57C80005ED981 /* Firebase.framework */; };
		B52AC3271DA57CC1005ED981 /* Firebase.framework in Embed Frameworks */ = {isa = PBXBuildFile; fileRef = B52AC3251DA57C80005ED981 /* Firebase.framework */; settings = {ATTRIBUTES = (CodeSignOnCopy, RemoveHeadersOnCopy, ); }; };
		B52AC3291DA57D07005ED981 /* Security.framework in Frameworks */ = {isa = PBXBuildFile; fileRef = B52AC3281DA57D07005ED981 /* Security.framework */; };
		B52AC32C1DA57D27005ED981 /* CFNetwork.framework in Frameworks */ = {isa = PBXBuildFile; fileRef = B52AC32B1DA57D27005ED981 /* CFNetwork.framework */; };
		B52AC32E1DA57D32005ED981 /* SystemConfiguration.framework in Frameworks */ = {isa = PBXBuildFile; fileRef = B52AC32D1DA57D32005ED981 /* SystemConfiguration.framework */; };
		B52AC3301DA57DAD005ED981 /* libicucore.tbd in Frameworks */ = {isa = PBXBuildFile; fileRef = B52AC32F1DA57DAD005ED981 /* libicucore.tbd */; };
		B52AC3321DA57DB3005ED981 /* libc++.tbd in Frameworks */ = {isa = PBXBuildFile; fileRef = B52AC3311DA57DB3005ED981 /* libc++.tbd */; };
		B52AC3361DA58275005ED981 /* HNService.swift in Sources */ = {isa = PBXBuildFile; fileRef = B52AC3351DA58275005ED981 /* HNService.swift */; };
		B52AC3381DA588D0005ED981 /* HNError.swift in Sources */ = {isa = PBXBuildFile; fileRef = B52AC3371DA588D0005ED981 /* HNError.swift */; };
		B52AC33D1DA5A389005ED981 /* HNViewModel.swift in Sources */ = {isa = PBXBuildFile; fileRef = B52AC33C1DA5A389005ED981 /* HNViewModel.swift */; };
		B5A586EA1DA56DA600028F5C /* AppDelegate.swift in Sources */ = {isa = PBXBuildFile; fileRef = B5A586E91DA56DA600028F5C /* AppDelegate.swift */; };
		B5A586EC1DA56DA600028F5C /* ViewController.swift in Sources */ = {isa = PBXBuildFile; fileRef = B5A586EB1DA56DA600028F5C /* ViewController.swift */; };
		B5A586EF1DA56DA600028F5C /* Main.storyboard in Resources */ = {isa = PBXBuildFile; fileRef = B5A586ED1DA56DA600028F5C /* Main.storyboard */; };
		B5A586F21DA56DA600028F5C /* DailyCombinator.xcdatamodeld in Sources */ = {isa = PBXBuildFile; fileRef = B5A586F01DA56DA600028F5C /* DailyCombinator.xcdatamodeld */; };
		B5A586F41DA56DA600028F5C /* Assets.xcassets in Resources */ = {isa = PBXBuildFile; fileRef = B5A586F31DA56DA600028F5C /* Assets.xcassets */; };
		B5A586F71DA56DA600028F5C /* LaunchScreen.storyboard in Resources */ = {isa = PBXBuildFile; fileRef = B5A586F51DA56DA600028F5C /* LaunchScreen.storyboard */; };
		B5A587021DA56DA600028F5C /* DailyCombinatorTests.swift in Sources */ = {isa = PBXBuildFile; fileRef = B5A587011DA56DA600028F5C /* DailyCombinatorTests.swift */; };
		B5A5870D1DA56DA600028F5C /* DailyCombinatorUITests.swift in Sources */ = {isa = PBXBuildFile; fileRef = B5A5870C1DA56DA600028F5C /* DailyCombinatorUITests.swift */; };
		B5A5914A1DA5737000028F5C /* Result.framework in Frameworks */ = {isa = PBXBuildFile; fileRef = B5A591491DA5737000028F5C /* Result.framework */; };
		B5A5914B1DA5737000028F5C /* Result.framework in Embed Frameworks */ = {isa = PBXBuildFile; fileRef = B5A591491DA5737000028F5C /* Result.framework */; settings = {ATTRIBUTES = (CodeSignOnCopy, RemoveHeadersOnCopy, ); }; };
		B5A5914D1DA5737000028F5C /* ReactiveSwift.framework in Frameworks */ = {isa = PBXBuildFile; fileRef = B5A5914C1DA5737000028F5C /* ReactiveSwift.framework */; };
		B5A5914E1DA5737000028F5C /* ReactiveSwift.framework in Embed Frameworks */ = {isa = PBXBuildFile; fileRef = B5A5914C1DA5737000028F5C /* ReactiveSwift.framework */; settings = {ATTRIBUTES = (CodeSignOnCopy, RemoveHeadersOnCopy, ); }; };
		B5A591501DA5737000028F5C /* ReactiveCocoa.framework in Frameworks */ = {isa = PBXBuildFile; fileRef = B5A5914F1DA5737000028F5C /* ReactiveCocoa.framework */; };
		B5A591511DA5737000028F5C /* ReactiveCocoa.framework in Embed Frameworks */ = {isa = PBXBuildFile; fileRef = B5A5914F1DA5737000028F5C /* ReactiveCocoa.framework */; settings = {ATTRIBUTES = (CodeSignOnCopy, RemoveHeadersOnCopy, ); }; };
/* End PBXBuildFile section */

/* Begin PBXContainerItemProxy section */
		B52343481DA6D18700AD5550 /* PBXContainerItemProxy */ = {
			isa = PBXContainerItemProxy;
			containerPortal = B523433E1DA6D18700AD5550 /* ReactiveObjC.xcodeproj */;
			proxyType = 2;
			remoteGlobalIDString = D04725EA19E49ED7006002AA;
			remoteInfo = "ReactiveObjC-macOS";
		};
		B523434A1DA6D18700AD5550 /* PBXContainerItemProxy */ = {
			isa = PBXContainerItemProxy;
			containerPortal = B523433E1DA6D18700AD5550 /* ReactiveObjC.xcodeproj */;
			proxyType = 2;
			remoteGlobalIDString = D04725F519E49ED7006002AA;
			remoteInfo = "ReactiveObjC-macOSTests";
		};
		B523434C1DA6D18700AD5550 /* PBXContainerItemProxy */ = {
			isa = PBXContainerItemProxy;
			containerPortal = B523433E1DA6D18700AD5550 /* ReactiveObjC.xcodeproj */;
			proxyType = 2;
			remoteGlobalIDString = D047260C19E49F82006002AA;
			remoteInfo = "ReactiveObjC-iOS";
		};
		B523434E1DA6D18700AD5550 /* PBXContainerItemProxy */ = {
			isa = PBXContainerItemProxy;
			containerPortal = B523433E1DA6D18700AD5550 /* ReactiveObjC.xcodeproj */;
			proxyType = 2;
			remoteGlobalIDString = D047261619E49F82006002AA;
			remoteInfo = "ReactiveObjC-iOSTests";
		};
		B52343501DA6D18700AD5550 /* PBXContainerItemProxy */ = {
			isa = PBXContainerItemProxy;
			containerPortal = B523433E1DA6D18700AD5550 /* ReactiveObjC.xcodeproj */;
			proxyType = 2;
			remoteGlobalIDString = A9B315541B3940610001CB9C;
			remoteInfo = "ReactiveObjC-watchOS";
		};
		B52343521DA6D18700AD5550 /* PBXContainerItemProxy */ = {
			isa = PBXContainerItemProxy;
			containerPortal = B523433E1DA6D18700AD5550 /* ReactiveObjC.xcodeproj */;
			proxyType = 2;
			remoteGlobalIDString = 57A4D2411BA13D7A00F7D4B1;
			remoteInfo = "ReactiveObjC-tvOS";
		};
		B52343541DA6D18700AD5550 /* PBXContainerItemProxy */ = {
			isa = PBXContainerItemProxy;
			containerPortal = B523433E1DA6D18700AD5550 /* ReactiveObjC.xcodeproj */;
			proxyType = 2;
			remoteGlobalIDString = 7DFBED031CDB8C9500EE435B;
			remoteInfo = "ReactiveObjC-tvOSTests";
		};
		B523435A1DA6D29100AD5550 /* PBXContainerItemProxy */ = {
			isa = PBXContainerItemProxy;
			containerPortal = B523433E1DA6D18700AD5550 /* ReactiveObjC.xcodeproj */;
			proxyType = 1;
			remoteGlobalIDString = D047260B19E49F82006002AA;
			remoteInfo = "ReactiveObjC-iOS";
		};
		B52AC3131DA57C24005ED981 /* PBXContainerItemProxy */ = {
			isa = PBXContainerItemProxy;
			containerPortal = B5A590F51DA5728700028F5C /* Result.xcodeproj */;
			proxyType = 2;
			remoteGlobalIDString = D45480571A9572F5009D7229;
			remoteInfo = "Result-Mac";
		};
		B52AC3151DA57C24005ED981 /* PBXContainerItemProxy */ = {
			isa = PBXContainerItemProxy;
			containerPortal = B5A590F51DA5728700028F5C /* Result.xcodeproj */;
			proxyType = 2;
			remoteGlobalIDString = D45480671A9572F5009D7229;
			remoteInfo = "Result-MacTests";
		};
		B52AC3171DA57C24005ED981 /* PBXContainerItemProxy */ = {
			isa = PBXContainerItemProxy;
			containerPortal = B5A590F51DA5728700028F5C /* Result.xcodeproj */;
			proxyType = 2;
			remoteGlobalIDString = D454807D1A957361009D7229;
			remoteInfo = "Result-iOS";
		};
		B52AC3191DA57C24005ED981 /* PBXContainerItemProxy */ = {
			isa = PBXContainerItemProxy;
			containerPortal = B5A590F51DA5728700028F5C /* Result.xcodeproj */;
			proxyType = 2;
			remoteGlobalIDString = D45480871A957362009D7229;
			remoteInfo = "Result-iOSTests";
		};
		B52AC31B1DA57C24005ED981 /* PBXContainerItemProxy */ = {
			isa = PBXContainerItemProxy;
			containerPortal = B5A590F51DA5728700028F5C /* Result.xcodeproj */;
			proxyType = 2;
			remoteGlobalIDString = 57FCDE471BA280DC00130C48;
			remoteInfo = "Result-tvOS";
		};
		B52AC31D1DA57C24005ED981 /* PBXContainerItemProxy */ = {
			isa = PBXContainerItemProxy;
			containerPortal = B5A590F51DA5728700028F5C /* Result.xcodeproj */;
			proxyType = 2;
			remoteGlobalIDString = 57FCDE541BA280E000130C48;
			remoteInfo = "Result-tvOSTests";
		};
		B52AC31F1DA57C24005ED981 /* PBXContainerItemProxy */ = {
			isa = PBXContainerItemProxy;
			containerPortal = B5A590F51DA5728700028F5C /* Result.xcodeproj */;
			proxyType = 2;
			remoteGlobalIDString = D03579A31B2B788F005D26AE;
			remoteInfo = "Result-watchOS";
		};
		B52AC3211DA57C24005ED981 /* PBXContainerItemProxy */ = {
			isa = PBXContainerItemProxy;
			containerPortal = B5A590F51DA5728700028F5C /* Result.xcodeproj */;
			proxyType = 2;
			remoteGlobalIDString = D03579B01B2B78A1005D26AE;
			remoteInfo = "Result-watchOSTests";
		};
		B5A586FE1DA56DA600028F5C /* PBXContainerItemProxy */ = {
			isa = PBXContainerItemProxy;
			containerPortal = B5A586DE1DA56DA600028F5C /* Project object */;
			proxyType = 1;
			remoteGlobalIDString = B5A586E51DA56DA600028F5C;
			remoteInfo = DailyCombinator;
		};
		B5A587091DA56DA600028F5C /* PBXContainerItemProxy */ = {
			isa = PBXContainerItemProxy;
			containerPortal = B5A586DE1DA56DA600028F5C /* Project object */;
			proxyType = 1;
			remoteGlobalIDString = B5A586E51DA56DA600028F5C;
			remoteInfo = DailyCombinator;
		};
		B5A5915E1DA5749900028F5C /* PBXContainerItemProxy */ = {
			isa = PBXContainerItemProxy;
			containerPortal = B5A591421DA572A200028F5C /* ReactiveCocoa.xcodeproj */;
			proxyType = 2;
			remoteGlobalIDString = D04725EA19E49ED7006002AA;
			remoteInfo = "ReactiveCocoa-macOS";
		};
		B5A591601DA5749900028F5C /* PBXContainerItemProxy */ = {
			isa = PBXContainerItemProxy;
			containerPortal = B5A591421DA572A200028F5C /* ReactiveCocoa.xcodeproj */;
			proxyType = 2;
			remoteGlobalIDString = D04725F519E49ED7006002AA;
			remoteInfo = "ReactiveCocoa-macOSTests";
		};
		B5A591621DA5749900028F5C /* PBXContainerItemProxy */ = {
			isa = PBXContainerItemProxy;
			containerPortal = B5A591421DA572A200028F5C /* ReactiveCocoa.xcodeproj */;
			proxyType = 2;
			remoteGlobalIDString = D047260C19E49F82006002AA;
			remoteInfo = "ReactiveCocoa-iOS";
		};
		B5A591641DA5749900028F5C /* PBXContainerItemProxy */ = {
			isa = PBXContainerItemProxy;
			containerPortal = B5A591421DA572A200028F5C /* ReactiveCocoa.xcodeproj */;
			proxyType = 2;
			remoteGlobalIDString = D047261619E49F82006002AA;
			remoteInfo = "ReactiveCocoa-iOSTests";
		};
		B5A591661DA5749900028F5C /* PBXContainerItemProxy */ = {
			isa = PBXContainerItemProxy;
			containerPortal = B5A591421DA572A200028F5C /* ReactiveCocoa.xcodeproj */;
			proxyType = 2;
			remoteGlobalIDString = A9B315541B3940610001CB9C;
			remoteInfo = "ReactiveCocoa-watchOS";
		};
		B5A591681DA5749900028F5C /* PBXContainerItemProxy */ = {
			isa = PBXContainerItemProxy;
			containerPortal = B5A591421DA572A200028F5C /* ReactiveCocoa.xcodeproj */;
			proxyType = 2;
			remoteGlobalIDString = 57A4D2411BA13D7A00F7D4B1;
			remoteInfo = "ReactiveCocoa-tvOS";
		};
		B5A5916A1DA5749900028F5C /* PBXContainerItemProxy */ = {
			isa = PBXContainerItemProxy;
			containerPortal = B5A591421DA572A200028F5C /* ReactiveCocoa.xcodeproj */;
			proxyType = 2;
			remoteGlobalIDString = 7DFBED031CDB8C9500EE435B;
			remoteInfo = "ReactiveCocoa-tvOSTests";
		};
		B5A591731DA5749900028F5C /* PBXContainerItemProxy */ = {
			isa = PBXContainerItemProxy;
			containerPortal = B5A591411DA572A200028F5C /* ReactiveSwift.xcodeproj */;
			proxyType = 2;
			remoteGlobalIDString = D04725EA19E49ED7006002AA;
			remoteInfo = "ReactiveSwift-macOS";
		};
		B5A591751DA5749900028F5C /* PBXContainerItemProxy */ = {
			isa = PBXContainerItemProxy;
			containerPortal = B5A591411DA572A200028F5C /* ReactiveSwift.xcodeproj */;
			proxyType = 2;
			remoteGlobalIDString = D04725F519E49ED7006002AA;
			remoteInfo = "ReactiveSwift-macOSTests";
		};
		B5A591771DA5749900028F5C /* PBXContainerItemProxy */ = {
			isa = PBXContainerItemProxy;
			containerPortal = B5A591411DA572A200028F5C /* ReactiveSwift.xcodeproj */;
			proxyType = 2;
			remoteGlobalIDString = D047260C19E49F82006002AA;
			remoteInfo = "ReactiveSwift-iOS";
		};
		B5A591791DA5749900028F5C /* PBXContainerItemProxy */ = {
			isa = PBXContainerItemProxy;
			containerPortal = B5A591411DA572A200028F5C /* ReactiveSwift.xcodeproj */;
			proxyType = 2;
			remoteGlobalIDString = D047261619E49F82006002AA;
			remoteInfo = "ReactiveSwift-iOSTests";
		};
		B5A5917B1DA5749900028F5C /* PBXContainerItemProxy */ = {
			isa = PBXContainerItemProxy;
			containerPortal = B5A591411DA572A200028F5C /* ReactiveSwift.xcodeproj */;
			proxyType = 2;
			remoteGlobalIDString = A9B315541B3940610001CB9C;
			remoteInfo = "ReactiveSwift-watchOS";
		};
		B5A5917D1DA5749900028F5C /* PBXContainerItemProxy */ = {
			isa = PBXContainerItemProxy;
			containerPortal = B5A591411DA572A200028F5C /* ReactiveSwift.xcodeproj */;
			proxyType = 2;
			remoteGlobalIDString = 57A4D2411BA13D7A00F7D4B1;
			remoteInfo = "ReactiveSwift-tvOS";
		};
		B5A5917F1DA5749900028F5C /* PBXContainerItemProxy */ = {
			isa = PBXContainerItemProxy;
			containerPortal = B5A591411DA572A200028F5C /* ReactiveSwift.xcodeproj */;
			proxyType = 2;
			remoteGlobalIDString = 7DFBED031CDB8C9500EE435B;
			remoteInfo = "ReactiveSwift-tvOSTests";
		};
/* End PBXContainerItemProxy section */

/* Begin PBXCopyFilesBuildPhase section */
		B52343581DA6D21F00AD5550 /* CopyFiles */ = {
			isa = PBXCopyFilesBuildPhase;
			buildActionMask = 2147483647;
			dstPath = "";
			dstSubfolderSpec = 10;
			files = (
			);
			runOnlyForDeploymentPostprocessing = 0;
		};
		B5A591481DA5733F00028F5C /* Embed Frameworks */ = {
			isa = PBXCopyFilesBuildPhase;
			buildActionMask = 2147483647;
			dstPath = "";
			dstSubfolderSpec = 10;
			files = (
				B52AC3271DA57CC1005ED981 /* Firebase.framework in Embed Frameworks */,
				B5A5914B1DA5737000028F5C /* Result.framework in Embed Frameworks */,
				B5A591511DA5737000028F5C /* ReactiveCocoa.framework in Embed Frameworks */,
				B5A5914E1DA5737000028F5C /* ReactiveSwift.framework in Embed Frameworks */,
				B52343571DA6D1E900AD5550 /* ReactiveObjC.framework in Embed Frameworks */,
			);
			name = "Embed Frameworks";
			runOnlyForDeploymentPostprocessing = 0;
		};
/* End PBXCopyFilesBuildPhase section */

/* Begin PBXFileReference section */
		B52343241DA6C36100AD5550 /* FDataSnapshotExtensions.swift */ = {isa = PBXFileReference; fileEncoding = 4; lastKnownFileType = sourcecode.swift; path = FDataSnapshotExtensions.swift; sourceTree = "<group>"; };
		B523433C1DA6CB3700AD5550 /* UIKitExtensions.swift */ = {isa = PBXFileReference; fileEncoding = 4; lastKnownFileType = sourcecode.swift; path = UIKitExtensions.swift; sourceTree = "<group>"; };
		B523433E1DA6D18700AD5550 /* ReactiveObjC.xcodeproj */ = {isa = PBXFileReference; lastKnownFileType = "wrapper.pb-project"; name = ReactiveObjC.xcodeproj; path = ReactiveObjC/ReactiveObjC.xcodeproj; sourceTree = SOURCE_ROOT; };
		B52343641DAD6F7000AD5550 /* HNEnums.swift */ = {isa = PBXFileReference; fileEncoding = 4; lastKnownFileType = sourcecode.swift; path = HNEnums.swift; sourceTree = "<group>"; };
		B52343821DAD819100AD5550 /* HNItems+Protocols.swift */ = {isa = PBXFileReference; fileEncoding = 4; lastKnownFileType = sourcecode.swift; path = "HNItems+Protocols.swift"; sourceTree = "<group>"; };
		B52AC3251DA57C80005ED981 /* Firebase.framework */ = {isa = PBXFileReference; lastKnownFileType = wrapper.framework; name = Firebase.framework; path = External/Firebase.framework; sourceTree = "<group>"; };
		B52AC3281DA57D07005ED981 /* Security.framework */ = {isa = PBXFileReference; lastKnownFileType = wrapper.framework; name = Security.framework; path = System/Library/Frameworks/Security.framework; sourceTree = SDKROOT; };
		B52AC32B1DA57D27005ED981 /* CFNetwork.framework */ = {isa = PBXFileReference; lastKnownFileType = wrapper.framework; name = CFNetwork.framework; path = System/Library/Frameworks/CFNetwork.framework; sourceTree = SDKROOT; };
		B52AC32D1DA57D32005ED981 /* SystemConfiguration.framework */ = {isa = PBXFileReference; lastKnownFileType = wrapper.framework; name = SystemConfiguration.framework; path = System/Library/Frameworks/SystemConfiguration.framework; sourceTree = SDKROOT; };
		B52AC32F1DA57DAD005ED981 /* libicucore.tbd */ = {isa = PBXFileReference; lastKnownFileType = "sourcecode.text-based-dylib-definition"; name = libicucore.tbd; path = usr/lib/libicucore.tbd; sourceTree = SDKROOT; };
		B52AC3311DA57DB3005ED981 /* libc++.tbd */ = {isa = PBXFileReference; lastKnownFileType = "sourcecode.text-based-dylib-definition"; name = "libc++.tbd"; path = "usr/lib/libc++.tbd"; sourceTree = SDKROOT; };
		B52AC3351DA58275005ED981 /* HNService.swift */ = {isa = PBXFileReference; fileEncoding = 4; lastKnownFileType = sourcecode.swift; path = HNService.swift; sourceTree = "<group>"; };
		B52AC3371DA588D0005ED981 /* HNError.swift */ = {isa = PBXFileReference; fileEncoding = 4; lastKnownFileType = sourcecode.swift; path = HNError.swift; sourceTree = "<group>"; };
		B52AC33C1DA5A389005ED981 /* HNViewModel.swift */ = {isa = PBXFileReference; fileEncoding = 4; lastKnownFileType = sourcecode.swift; path = HNViewModel.swift; sourceTree = "<group>"; };
		B5A586E61DA56DA600028F5C /* DailyCombinator.app */ = {isa = PBXFileReference; explicitFileType = wrapper.application; includeInIndex = 0; path = DailyCombinator.app; sourceTree = BUILT_PRODUCTS_DIR; };
		B5A586E91DA56DA600028F5C /* AppDelegate.swift */ = {isa = PBXFileReference; lastKnownFileType = sourcecode.swift; path = AppDelegate.swift; sourceTree = "<group>"; };
		B5A586EB1DA56DA600028F5C /* ViewController.swift */ = {isa = PBXFileReference; lastKnownFileType = sourcecode.swift; path = ViewController.swift; sourceTree = "<group>"; };
		B5A586EE1DA56DA600028F5C /* Base */ = {isa = PBXFileReference; lastKnownFileType = file.storyboard; name = Base; path = Base.lproj/Main.storyboard; sourceTree = "<group>"; };
		B5A586F11DA56DA600028F5C /* DailyCombinator.xcdatamodel */ = {isa = PBXFileReference; lastKnownFileType = wrapper.xcdatamodel; path = DailyCombinator.xcdatamodel; sourceTree = "<group>"; };
		B5A586F31DA56DA600028F5C /* Assets.xcassets */ = {isa = PBXFileReference; lastKnownFileType = folder.assetcatalog; path = Assets.xcassets; sourceTree = "<group>"; };
		B5A586F61DA56DA600028F5C /* Base */ = {isa = PBXFileReference; lastKnownFileType = file.storyboard; name = Base; path = Base.lproj/LaunchScreen.storyboard; sourceTree = "<group>"; };
		B5A586F81DA56DA600028F5C /* Info.plist */ = {isa = PBXFileReference; lastKnownFileType = text.plist.xml; path = Info.plist; sourceTree = "<group>"; };
		B5A586FD1DA56DA600028F5C /* DailyCombinatorTests.xctest */ = {isa = PBXFileReference; explicitFileType = wrapper.cfbundle; includeInIndex = 0; path = DailyCombinatorTests.xctest; sourceTree = BUILT_PRODUCTS_DIR; };
		B5A587011DA56DA600028F5C /* DailyCombinatorTests.swift */ = {isa = PBXFileReference; lastKnownFileType = sourcecode.swift; path = DailyCombinatorTests.swift; sourceTree = "<group>"; };
		B5A587031DA56DA600028F5C /* Info.plist */ = {isa = PBXFileReference; lastKnownFileType = text.plist.xml; path = Info.plist; sourceTree = "<group>"; };
		B5A587081DA56DA600028F5C /* DailyCombinatorUITests.xctest */ = {isa = PBXFileReference; explicitFileType = wrapper.cfbundle; includeInIndex = 0; path = DailyCombinatorUITests.xctest; sourceTree = BUILT_PRODUCTS_DIR; };
		B5A5870C1DA56DA600028F5C /* DailyCombinatorUITests.swift */ = {isa = PBXFileReference; lastKnownFileType = sourcecode.swift; path = DailyCombinatorUITests.swift; sourceTree = "<group>"; };
		B5A5870E1DA56DA600028F5C /* Info.plist */ = {isa = PBXFileReference; lastKnownFileType = text.plist.xml; path = Info.plist; sourceTree = "<group>"; };
		B5A590F51DA5728700028F5C /* Result.xcodeproj */ = {isa = PBXFileReference; lastKnownFileType = "wrapper.pb-project"; path = Result.xcodeproj; sourceTree = "<group>"; };
		B5A591411DA572A200028F5C /* ReactiveSwift.xcodeproj */ = {isa = PBXFileReference; lastKnownFileType = "wrapper.pb-project"; name = ReactiveSwift.xcodeproj; path = ../ReactiveSwift/ReactiveSwift.xcodeproj; sourceTree = "<group>"; };
		B5A591421DA572A200028F5C /* ReactiveCocoa.xcodeproj */ = {isa = PBXFileReference; lastKnownFileType = "wrapper.pb-project"; name = ReactiveCocoa.xcodeproj; path = ../../../ReactiveCocoa.xcodeproj; sourceTree = "<group>"; };
		B5A591491DA5737000028F5C /* Result.framework */ = {isa = PBXFileReference; explicitFileType = wrapper.framework; path = Result.framework; sourceTree = BUILT_PRODUCTS_DIR; };
		B5A5914C1DA5737000028F5C /* ReactiveSwift.framework */ = {isa = PBXFileReference; explicitFileType = wrapper.framework; path = ReactiveSwift.framework; sourceTree = BUILT_PRODUCTS_DIR; };
		B5A5914F1DA5737000028F5C /* ReactiveCocoa.framework */ = {isa = PBXFileReference; explicitFileType = wrapper.framework; path = ReactiveCocoa.framework; sourceTree = BUILT_PRODUCTS_DIR; };
/* End PBXFileReference section */

/* Begin PBXFrameworksBuildPhase section */
		B5A586E31DA56DA600028F5C /* Frameworks */ = {
			isa = PBXFrameworksBuildPhase;
			buildActionMask = 2147483647;
			files = (
				B52343561DA6D1A200AD5550 /* ReactiveObjC.framework in Frameworks */,
				B52AC3321DA57DB3005ED981 /* libc++.tbd in Frameworks */,
				B52AC3301DA57DAD005ED981 /* libicucore.tbd in Frameworks */,
				B52AC32E1DA57D32005ED981 /* SystemConfiguration.framework in Frameworks */,
				B52AC32C1DA57D27005ED981 /* CFNetwork.framework in Frameworks */,
				B52AC3291DA57D07005ED981 /* Security.framework in Frameworks */,
				B52AC3261DA57C80005ED981 /* Firebase.framework in Frameworks */,
				B5A5914A1DA5737000028F5C /* Result.framework in Frameworks */,
				B5A591501DA5737000028F5C /* ReactiveCocoa.framework in Frameworks */,
				B5A5914D1DA5737000028F5C /* ReactiveSwift.framework in Frameworks */,
			);
			runOnlyForDeploymentPostprocessing = 0;
		};
		B5A586FA1DA56DA600028F5C /* Frameworks */ = {
			isa = PBXFrameworksBuildPhase;
			buildActionMask = 2147483647;
			files = (
			);
			runOnlyForDeploymentPostprocessing = 0;
		};
		B5A587051DA56DA600028F5C /* Frameworks */ = {
			isa = PBXFrameworksBuildPhase;
			buildActionMask = 2147483647;
			files = (
			);
			runOnlyForDeploymentPostprocessing = 0;
		};
/* End PBXFrameworksBuildPhase section */

/* Begin PBXGroup section */
		B523433F1DA6D18700AD5550 /* Products */ = {
			isa = PBXGroup;
			children = (
				B52343491DA6D18700AD5550 /* ReactiveObjC.framework */,
				B523434B1DA6D18700AD5550 /* ReactiveObjCTests.xctest */,
				B523434D1DA6D18700AD5550 /* ReactiveObjC.framework */,
				B523434F1DA6D18700AD5550 /* ReactiveObjCTests.xctest */,
				B52343511DA6D18700AD5550 /* ReactiveObjC.framework */,
				B52343531DA6D18700AD5550 /* ReactiveObjC.framework */,
				B52343551DA6D18700AD5550 /* ReactiveObjCTests.xctest */,
			);
			name = Products;
			sourceTree = "<group>";
		};
		B52AC2FB1DA57C23005ED981 /* Products */ = {
			isa = PBXGroup;
			children = (
				B52AC3141DA57C24005ED981 /* Result.framework */,
				B52AC3161DA57C24005ED981 /* Result-MacTests.xctest */,
				B52AC3181DA57C24005ED981 /* Result.framework */,
				B52AC31A1DA57C24005ED981 /* Result-iOSTests.xctest */,
				B52AC31C1DA57C24005ED981 /* Result.framework */,
				B52AC31E1DA57C24005ED981 /* Result-tvOSTests.xctest */,
				B52AC3201DA57C24005ED981 /* Result.framework */,
				B52AC3221DA57C24005ED981 /* Result-watchOSTests.xctest */,
			);
			name = Products;
			sourceTree = "<group>";
		};
		B52AC3331DA58253005ED981 /* ViewModel */ = {
			isa = PBXGroup;
			children = (
				B52AC33C1DA5A389005ED981 /* HNViewModel.swift */,
			);
			name = ViewModel;
			sourceTree = "<group>";
		};
		B52AC3341DA58258005ED981 /* Service */ = {
			isa = PBXGroup;
			children = (
				B52AC3371DA588D0005ED981 /* HNError.swift */,
				B52AC3351DA58275005ED981 /* HNService.swift */,
				B52343641DAD6F7000AD5550 /* HNEnums.swift */,
			);
			name = Service;
			sourceTree = "<group>";
		};
		B5A586DD1DA56DA600028F5C = {
			isa = PBXGroup;
			children = (
				B5A586E81DA56DA600028F5C /* DailyCombinator */,
				B5A591521DA573FF00028F5C /* Frameworks */,
				B5A591431DA572A200028F5C /* External */,
				B5A587001DA56DA600028F5C /* DailyCombinatorTests */,
				B5A5870B1DA56DA600028F5C /* DailyCombinatorUITests */,
				B5A586E71DA56DA600028F5C /* Products */,
			);
			sourceTree = "<group>";
		};
		B5A586E71DA56DA600028F5C /* Products */ = {
			isa = PBXGroup;
			children = (
				B5A586E61DA56DA600028F5C /* DailyCombinator.app */,
				B5A586FD1DA56DA600028F5C /* DailyCombinatorTests.xctest */,
				B5A587081DA56DA600028F5C /* DailyCombinatorUITests.xctest */,
			);
			name = Products;
			sourceTree = "<group>";
		};
		B5A586E81DA56DA600028F5C /* DailyCombinator */ = {
			isa = PBXGroup;
			children = (
				B52343821DAD819100AD5550 /* HNItems+Protocols.swift */,
				B52343241DA6C36100AD5550 /* FDataSnapshotExtensions.swift */,
				B523433C1DA6CB3700AD5550 /* UIKitExtensions.swift */,
				B52AC3341DA58258005ED981 /* Service */,
				B52AC3331DA58253005ED981 /* ViewModel */,
				B5A586E91DA56DA600028F5C /* AppDelegate.swift */,
				B5A586EB1DA56DA600028F5C /* ViewController.swift */,
				B5A586ED1DA56DA600028F5C /* Main.storyboard */,
				B5A586F31DA56DA600028F5C /* Assets.xcassets */,
				B5A586F51DA56DA600028F5C /* LaunchScreen.storyboard */,
				B5A586F81DA56DA600028F5C /* Info.plist */,
				B5A586F01DA56DA600028F5C /* DailyCombinator.xcdatamodeld */,
			);
			path = DailyCombinator;
			sourceTree = "<group>";
		};
		B5A587001DA56DA600028F5C /* DailyCombinatorTests */ = {
			isa = PBXGroup;
			children = (
				B5A587011DA56DA600028F5C /* DailyCombinatorTests.swift */,
				B5A587031DA56DA600028F5C /* Info.plist */,
			);
			path = DailyCombinatorTests;
			sourceTree = "<group>";
		};
		B5A5870B1DA56DA600028F5C /* DailyCombinatorUITests */ = {
			isa = PBXGroup;
			children = (
				B5A5870C1DA56DA600028F5C /* DailyCombinatorUITests.swift */,
				B5A5870E1DA56DA600028F5C /* Info.plist */,
			);
			path = DailyCombinatorUITests;
			sourceTree = "<group>";
		};
		B5A591431DA572A200028F5C /* External */ = {
			isa = PBXGroup;
			children = (
				B5A591441DA572C600028F5C /* ReactiveCocoa */,
			);
			name = External;
			path = External/ReactiveCocoa/Carthage/Checkouts/Result;
			sourceTree = "<group>";
		};
		B5A591441DA572C600028F5C /* ReactiveCocoa */ = {
			isa = PBXGroup;
			children = (
				B523433E1DA6D18700AD5550 /* ReactiveObjC.xcodeproj */,
				B5A590F51DA5728700028F5C /* Result.xcodeproj */,
				B5A591411DA572A200028F5C /* ReactiveSwift.xcodeproj */,
				B5A591421DA572A200028F5C /* ReactiveCocoa.xcodeproj */,
			);
			name = ReactiveCocoa;
			sourceTree = "<group>";
		};
		B5A591521DA573FF00028F5C /* Frameworks */ = {
			isa = PBXGroup;
			children = (
				B52AC3311DA57DB3005ED981 /* libc++.tbd */,
				B52AC32F1DA57DAD005ED981 /* libicucore.tbd */,
				B52AC32D1DA57D32005ED981 /* SystemConfiguration.framework */,
				B52AC32B1DA57D27005ED981 /* CFNetwork.framework */,
				B52AC3281DA57D07005ED981 /* Security.framework */,
				B52AC3251DA57C80005ED981 /* Firebase.framework */,
				B5A5914F1DA5737000028F5C /* ReactiveCocoa.framework */,
				B5A5914C1DA5737000028F5C /* ReactiveSwift.framework */,
				B5A591491DA5737000028F5C /* Result.framework */,
			);
			name = Frameworks;
			sourceTree = "<group>";
		};
		B5A591531DA5749900028F5C /* Products */ = {
			isa = PBXGroup;
			children = (
				B5A591741DA5749900028F5C /* ReactiveSwift.framework */,
				B5A591761DA5749900028F5C /* ReactiveSwiftTests.xctest */,
				B5A591781DA5749900028F5C /* ReactiveSwift.framework */,
				B5A5917A1DA5749900028F5C /* ReactiveSwiftTests.xctest */,
				B5A5917C1DA5749900028F5C /* ReactiveSwift.framework */,
				B5A5917E1DA5749900028F5C /* ReactiveSwift.framework */,
				B5A591801DA5749900028F5C /* ReactiveSwiftTests.xctest */,
			);
			name = Products;
			sourceTree = "<group>";
		};
		B5A591551DA5749900028F5C /* Products */ = {
			isa = PBXGroup;
			children = (
				B5A5915F1DA5749900028F5C /* ReactiveCocoa.framework */,
				B5A591611DA5749900028F5C /* ReactiveCocoaTests.xctest */,
				B5A591631DA5749900028F5C /* ReactiveCocoa.framework */,
				B5A591651DA5749900028F5C /* ReactiveCocoaTests.xctest */,
				B5A591671DA5749900028F5C /* ReactiveCocoa.framework */,
				B5A591691DA5749900028F5C /* ReactiveCocoa.framework */,
				B5A5916B1DA5749900028F5C /* ReactiveCocoaTests.xctest */,
			);
			name = Products;
			sourceTree = "<group>";
		};
/* End PBXGroup section */

/* Begin PBXNativeTarget section */
		B5A586E51DA56DA600028F5C /* DailyCombinator */ = {
			isa = PBXNativeTarget;
			buildConfigurationList = B5A587111DA56DA600028F5C /* Build configuration list for PBXNativeTarget "DailyCombinator" */;
			buildPhases = (
				B5A586E21DA56DA600028F5C /* Sources */,
				B5A586E31DA56DA600028F5C /* Frameworks */,
				B5A586E41DA56DA600028F5C /* Resources */,
				B5A591481DA5733F00028F5C /* Embed Frameworks */,
				B52343581DA6D21F00AD5550 /* CopyFiles */,
			);
			buildRules = (
			);
			dependencies = (
				B523435B1DA6D29100AD5550 /* PBXTargetDependency */,
			);
			name = DailyCombinator;
			productName = DailyCombinator;
			productReference = B5A586E61DA56DA600028F5C /* DailyCombinator.app */;
			productType = "com.apple.product-type.application";
		};
		B5A586FC1DA56DA600028F5C /* DailyCombinatorTests */ = {
			isa = PBXNativeTarget;
			buildConfigurationList = B5A587141DA56DA600028F5C /* Build configuration list for PBXNativeTarget "DailyCombinatorTests" */;
			buildPhases = (
				B5A586F91DA56DA600028F5C /* Sources */,
				B5A586FA1DA56DA600028F5C /* Frameworks */,
				B5A586FB1DA56DA600028F5C /* Resources */,
			);
			buildRules = (
			);
			dependencies = (
				B5A586FF1DA56DA600028F5C /* PBXTargetDependency */,
			);
			name = DailyCombinatorTests;
			productName = DailyCombinatorTests;
			productReference = B5A586FD1DA56DA600028F5C /* DailyCombinatorTests.xctest */;
			productType = "com.apple.product-type.bundle.unit-test";
		};
		B5A587071DA56DA600028F5C /* DailyCombinatorUITests */ = {
			isa = PBXNativeTarget;
			buildConfigurationList = B5A587171DA56DA600028F5C /* Build configuration list for PBXNativeTarget "DailyCombinatorUITests" */;
			buildPhases = (
				B5A587041DA56DA600028F5C /* Sources */,
				B5A587051DA56DA600028F5C /* Frameworks */,
				B5A587061DA56DA600028F5C /* Resources */,
			);
			buildRules = (
			);
			dependencies = (
				B5A5870A1DA56DA600028F5C /* PBXTargetDependency */,
			);
			name = DailyCombinatorUITests;
			productName = DailyCombinatorUITests;
			productReference = B5A587081DA56DA600028F5C /* DailyCombinatorUITests.xctest */;
			productType = "com.apple.product-type.bundle.ui-testing";
		};
/* End PBXNativeTarget section */

/* Begin PBXProject section */
		B5A586DE1DA56DA600028F5C /* Project object */ = {
			isa = PBXProject;
			attributes = {
				LastSwiftUpdateCheck = 0800;
				LastUpgradeCheck = 0800;
				ORGANIZATIONNAME = "Constellation Software";
				TargetAttributes = {
					B5A586E51DA56DA600028F5C = {
						CreatedOnToolsVersion = 8.0;
						DevelopmentTeam = 97JRRX372K;
						ProvisioningStyle = Automatic;
					};
					B5A586FC1DA56DA600028F5C = {
						CreatedOnToolsVersion = 8.0;
						DevelopmentTeam = 97JRRX372K;
						ProvisioningStyle = Automatic;
						TestTargetID = B5A586E51DA56DA600028F5C;
					};
					B5A587071DA56DA600028F5C = {
						CreatedOnToolsVersion = 8.0;
						DevelopmentTeam = 97JRRX372K;
						ProvisioningStyle = Automatic;
						TestTargetID = B5A586E51DA56DA600028F5C;
					};
				};
			};
			buildConfigurationList = B5A586E11DA56DA600028F5C /* Build configuration list for PBXProject "DailyCombinator" */;
			compatibilityVersion = "Xcode 3.2";
			developmentRegion = English;
			hasScannedForEncodings = 0;
			knownRegions = (
				en,
				Base,
			);
			mainGroup = B5A586DD1DA56DA600028F5C;
			productRefGroup = B5A586E71DA56DA600028F5C /* Products */;
			projectDirPath = "";
			projectReferences = (
				{
					ProductGroup = B5A591551DA5749900028F5C /* Products */;
					ProjectRef = B5A591421DA572A200028F5C /* ReactiveCocoa.xcodeproj */;
				},
				{
					ProductGroup = B523433F1DA6D18700AD5550 /* Products */;
					ProjectRef = B523433E1DA6D18700AD5550 /* ReactiveObjC.xcodeproj */;
				},
				{
					ProductGroup = B5A591531DA5749900028F5C /* Products */;
					ProjectRef = B5A591411DA572A200028F5C /* ReactiveSwift.xcodeproj */;
				},
				{
					ProductGroup = B52AC2FB1DA57C23005ED981 /* Products */;
					ProjectRef = B5A590F51DA5728700028F5C /* Result.xcodeproj */;
				},
			);
			projectRoot = "";
			targets = (
				B5A586E51DA56DA600028F5C /* DailyCombinator */,
				B5A586FC1DA56DA600028F5C /* DailyCombinatorTests */,
				B5A587071DA56DA600028F5C /* DailyCombinatorUITests */,
			);
		};
/* End PBXProject section */

/* Begin PBXReferenceProxy section */
		B52343491DA6D18700AD5550 /* ReactiveObjC.framework */ = {
			isa = PBXReferenceProxy;
			fileType = wrapper.framework;
			path = ReactiveObjC.framework;
			remoteRef = B52343481DA6D18700AD5550 /* PBXContainerItemProxy */;
			sourceTree = BUILT_PRODUCTS_DIR;
		};
		B523434B1DA6D18700AD5550 /* ReactiveObjCTests.xctest */ = {
			isa = PBXReferenceProxy;
			fileType = wrapper.cfbundle;
			path = ReactiveObjCTests.xctest;
			remoteRef = B523434A1DA6D18700AD5550 /* PBXContainerItemProxy */;
			sourceTree = BUILT_PRODUCTS_DIR;
		};
		B523434D1DA6D18700AD5550 /* ReactiveObjC.framework */ = {
			isa = PBXReferenceProxy;
			fileType = wrapper.framework;
			path = ReactiveObjC.framework;
			remoteRef = B523434C1DA6D18700AD5550 /* PBXContainerItemProxy */;
			sourceTree = BUILT_PRODUCTS_DIR;
		};
		B523434F1DA6D18700AD5550 /* ReactiveObjCTests.xctest */ = {
			isa = PBXReferenceProxy;
			fileType = wrapper.cfbundle;
			path = ReactiveObjCTests.xctest;
			remoteRef = B523434E1DA6D18700AD5550 /* PBXContainerItemProxy */;
			sourceTree = BUILT_PRODUCTS_DIR;
		};
		B52343511DA6D18700AD5550 /* ReactiveObjC.framework */ = {
			isa = PBXReferenceProxy;
			fileType = wrapper.framework;
			path = ReactiveObjC.framework;
			remoteRef = B52343501DA6D18700AD5550 /* PBXContainerItemProxy */;
			sourceTree = BUILT_PRODUCTS_DIR;
		};
		B52343531DA6D18700AD5550 /* ReactiveObjC.framework */ = {
			isa = PBXReferenceProxy;
			fileType = wrapper.framework;
			path = ReactiveObjC.framework;
			remoteRef = B52343521DA6D18700AD5550 /* PBXContainerItemProxy */;
			sourceTree = BUILT_PRODUCTS_DIR;
		};
		B52343551DA6D18700AD5550 /* ReactiveObjCTests.xctest */ = {
			isa = PBXReferenceProxy;
			fileType = wrapper.cfbundle;
			path = ReactiveObjCTests.xctest;
			remoteRef = B52343541DA6D18700AD5550 /* PBXContainerItemProxy */;
			sourceTree = BUILT_PRODUCTS_DIR;
		};
		B52AC3141DA57C24005ED981 /* Result.framework */ = {
			isa = PBXReferenceProxy;
			fileType = wrapper.framework;
			path = Result.framework;
			remoteRef = B52AC3131DA57C24005ED981 /* PBXContainerItemProxy */;
			sourceTree = BUILT_PRODUCTS_DIR;
		};
		B52AC3161DA57C24005ED981 /* Result-MacTests.xctest */ = {
			isa = PBXReferenceProxy;
			fileType = wrapper.cfbundle;
			path = "Result-MacTests.xctest";
			remoteRef = B52AC3151DA57C24005ED981 /* PBXContainerItemProxy */;
			sourceTree = BUILT_PRODUCTS_DIR;
		};
		B52AC3181DA57C24005ED981 /* Result.framework */ = {
			isa = PBXReferenceProxy;
			fileType = wrapper.framework;
			path = Result.framework;
			remoteRef = B52AC3171DA57C24005ED981 /* PBXContainerItemProxy */;
			sourceTree = BUILT_PRODUCTS_DIR;
		};
		B52AC31A1DA57C24005ED981 /* Result-iOSTests.xctest */ = {
			isa = PBXReferenceProxy;
			fileType = wrapper.cfbundle;
			path = "Result-iOSTests.xctest";
			remoteRef = B52AC3191DA57C24005ED981 /* PBXContainerItemProxy */;
			sourceTree = BUILT_PRODUCTS_DIR;
		};
		B52AC31C1DA57C24005ED981 /* Result.framework */ = {
			isa = PBXReferenceProxy;
			fileType = wrapper.framework;
			path = Result.framework;
			remoteRef = B52AC31B1DA57C24005ED981 /* PBXContainerItemProxy */;
			sourceTree = BUILT_PRODUCTS_DIR;
		};
		B52AC31E1DA57C24005ED981 /* Result-tvOSTests.xctest */ = {
			isa = PBXReferenceProxy;
			fileType = wrapper.cfbundle;
			path = "Result-tvOSTests.xctest";
			remoteRef = B52AC31D1DA57C24005ED981 /* PBXContainerItemProxy */;
			sourceTree = BUILT_PRODUCTS_DIR;
		};
		B52AC3201DA57C24005ED981 /* Result.framework */ = {
			isa = PBXReferenceProxy;
			fileType = wrapper.framework;
			path = Result.framework;
			remoteRef = B52AC31F1DA57C24005ED981 /* PBXContainerItemProxy */;
			sourceTree = BUILT_PRODUCTS_DIR;
		};
		B52AC3221DA57C24005ED981 /* Result-watchOSTests.xctest */ = {
			isa = PBXReferenceProxy;
			fileType = wrapper.cfbundle;
			path = "Result-watchOSTests.xctest";
			remoteRef = B52AC3211DA57C24005ED981 /* PBXContainerItemProxy */;
			sourceTree = BUILT_PRODUCTS_DIR;
		};
		B5A5915F1DA5749900028F5C /* ReactiveCocoa.framework */ = {
			isa = PBXReferenceProxy;
			fileType = wrapper.framework;
			path = ReactiveCocoa.framework;
			remoteRef = B5A5915E1DA5749900028F5C /* PBXContainerItemProxy */;
			sourceTree = BUILT_PRODUCTS_DIR;
		};
		B5A591611DA5749900028F5C /* ReactiveCocoaTests.xctest */ = {
			isa = PBXReferenceProxy;
			fileType = wrapper.cfbundle;
			path = ReactiveCocoaTests.xctest;
			remoteRef = B5A591601DA5749900028F5C /* PBXContainerItemProxy */;
			sourceTree = BUILT_PRODUCTS_DIR;
		};
		B5A591631DA5749900028F5C /* ReactiveCocoa.framework */ = {
			isa = PBXReferenceProxy;
			fileType = wrapper.framework;
			path = ReactiveCocoa.framework;
			remoteRef = B5A591621DA5749900028F5C /* PBXContainerItemProxy */;
			sourceTree = BUILT_PRODUCTS_DIR;
		};
		B5A591651DA5749900028F5C /* ReactiveCocoaTests.xctest */ = {
			isa = PBXReferenceProxy;
			fileType = wrapper.cfbundle;
			path = ReactiveCocoaTests.xctest;
			remoteRef = B5A591641DA5749900028F5C /* PBXContainerItemProxy */;
			sourceTree = BUILT_PRODUCTS_DIR;
		};
		B5A591671DA5749900028F5C /* ReactiveCocoa.framework */ = {
			isa = PBXReferenceProxy;
			fileType = wrapper.framework;
			path = ReactiveCocoa.framework;
			remoteRef = B5A591661DA5749900028F5C /* PBXContainerItemProxy */;
			sourceTree = BUILT_PRODUCTS_DIR;
		};
		B5A591691DA5749900028F5C /* ReactiveCocoa.framework */ = {
			isa = PBXReferenceProxy;
			fileType = wrapper.framework;
			path = ReactiveCocoa.framework;
			remoteRef = B5A591681DA5749900028F5C /* PBXContainerItemProxy */;
			sourceTree = BUILT_PRODUCTS_DIR;
		};
		B5A5916B1DA5749900028F5C /* ReactiveCocoaTests.xctest */ = {
			isa = PBXReferenceProxy;
			fileType = wrapper.cfbundle;
			path = ReactiveCocoaTests.xctest;
			remoteRef = B5A5916A1DA5749900028F5C /* PBXContainerItemProxy */;
			sourceTree = BUILT_PRODUCTS_DIR;
		};
		B5A591741DA5749900028F5C /* ReactiveSwift.framework */ = {
			isa = PBXReferenceProxy;
			fileType = wrapper.framework;
			path = ReactiveSwift.framework;
			remoteRef = B5A591731DA5749900028F5C /* PBXContainerItemProxy */;
			sourceTree = BUILT_PRODUCTS_DIR;
		};
		B5A591761DA5749900028F5C /* ReactiveSwiftTests.xctest */ = {
			isa = PBXReferenceProxy;
			fileType = wrapper.cfbundle;
			path = ReactiveSwiftTests.xctest;
			remoteRef = B5A591751DA5749900028F5C /* PBXContainerItemProxy */;
			sourceTree = BUILT_PRODUCTS_DIR;
		};
		B5A591781DA5749900028F5C /* ReactiveSwift.framework */ = {
			isa = PBXReferenceProxy;
			fileType = wrapper.framework;
			path = ReactiveSwift.framework;
			remoteRef = B5A591771DA5749900028F5C /* PBXContainerItemProxy */;
			sourceTree = BUILT_PRODUCTS_DIR;
		};
		B5A5917A1DA5749900028F5C /* ReactiveSwiftTests.xctest */ = {
			isa = PBXReferenceProxy;
			fileType = wrapper.cfbundle;
			path = ReactiveSwiftTests.xctest;
			remoteRef = B5A591791DA5749900028F5C /* PBXContainerItemProxy */;
			sourceTree = BUILT_PRODUCTS_DIR;
		};
		B5A5917C1DA5749900028F5C /* ReactiveSwift.framework */ = {
			isa = PBXReferenceProxy;
			fileType = wrapper.framework;
			path = ReactiveSwift.framework;
			remoteRef = B5A5917B1DA5749900028F5C /* PBXContainerItemProxy */;
			sourceTree = BUILT_PRODUCTS_DIR;
		};
		B5A5917E1DA5749900028F5C /* ReactiveSwift.framework */ = {
			isa = PBXReferenceProxy;
			fileType = wrapper.framework;
			path = ReactiveSwift.framework;
			remoteRef = B5A5917D1DA5749900028F5C /* PBXContainerItemProxy */;
			sourceTree = BUILT_PRODUCTS_DIR;
		};
		B5A591801DA5749900028F5C /* ReactiveSwiftTests.xctest */ = {
			isa = PBXReferenceProxy;
			fileType = wrapper.cfbundle;
			path = ReactiveSwiftTests.xctest;
			remoteRef = B5A5917F1DA5749900028F5C /* PBXContainerItemProxy */;
			sourceTree = BUILT_PRODUCTS_DIR;
		};
/* End PBXReferenceProxy section */

/* Begin PBXResourcesBuildPhase section */
		B5A586E41DA56DA600028F5C /* Resources */ = {
			isa = PBXResourcesBuildPhase;
			buildActionMask = 2147483647;
			files = (
				B5A586F71DA56DA600028F5C /* LaunchScreen.storyboard in Resources */,
				B5A586F41DA56DA600028F5C /* Assets.xcassets in Resources */,
				B5A586EF1DA56DA600028F5C /* Main.storyboard in Resources */,
			);
			runOnlyForDeploymentPostprocessing = 0;
		};
		B5A586FB1DA56DA600028F5C /* Resources */ = {
			isa = PBXResourcesBuildPhase;
			buildActionMask = 2147483647;
			files = (
			);
			runOnlyForDeploymentPostprocessing = 0;
		};
		B5A587061DA56DA600028F5C /* Resources */ = {
			isa = PBXResourcesBuildPhase;
			buildActionMask = 2147483647;
			files = (
			);
			runOnlyForDeploymentPostprocessing = 0;
		};
/* End PBXResourcesBuildPhase section */

/* Begin PBXSourcesBuildPhase section */
		B5A586E21DA56DA600028F5C /* Sources */ = {
			isa = PBXSourcesBuildPhase;
			buildActionMask = 2147483647;
			files = (
				B52343831DAD819100AD5550 /* HNItems+Protocols.swift in Sources */,
				B5A586EC1DA56DA600028F5C /* ViewController.swift in Sources */,
				B52AC3361DA58275005ED981 /* HNService.swift in Sources */,
				B52AC33D1DA5A389005ED981 /* HNViewModel.swift in Sources */,
				B5A586F21DA56DA600028F5C /* DailyCombinator.xcdatamodeld in Sources */,
				B5A586EA1DA56DA600028F5C /* AppDelegate.swift in Sources */,
				B52AC3381DA588D0005ED981 /* HNError.swift in Sources */,
				B523433D1DA6CB3700AD5550 /* UIKitExtensions.swift in Sources */,
				B52343651DAD6F7000AD5550 /* HNEnums.swift in Sources */,
				B52343251DA6C36100AD5550 /* FDataSnapshotExtensions.swift in Sources */,
			);
			runOnlyForDeploymentPostprocessing = 0;
		};
		B5A586F91DA56DA600028F5C /* Sources */ = {
			isa = PBXSourcesBuildPhase;
			buildActionMask = 2147483647;
			files = (
				B5A587021DA56DA600028F5C /* DailyCombinatorTests.swift in Sources */,
			);
			runOnlyForDeploymentPostprocessing = 0;
		};
		B5A587041DA56DA600028F5C /* Sources */ = {
			isa = PBXSourcesBuildPhase;
			buildActionMask = 2147483647;
			files = (
				B5A5870D1DA56DA600028F5C /* DailyCombinatorUITests.swift in Sources */,
			);
			runOnlyForDeploymentPostprocessing = 0;
		};
/* End PBXSourcesBuildPhase section */

/* Begin PBXTargetDependency section */
		B523435B1DA6D29100AD5550 /* PBXTargetDependency */ = {
			isa = PBXTargetDependency;
			name = "ReactiveObjC-iOS";
			targetProxy = B523435A1DA6D29100AD5550 /* PBXContainerItemProxy */;
		};
		B5A586FF1DA56DA600028F5C /* PBXTargetDependency */ = {
			isa = PBXTargetDependency;
			target = B5A586E51DA56DA600028F5C /* DailyCombinator */;
			targetProxy = B5A586FE1DA56DA600028F5C /* PBXContainerItemProxy */;
		};
		B5A5870A1DA56DA600028F5C /* PBXTargetDependency */ = {
			isa = PBXTargetDependency;
			target = B5A586E51DA56DA600028F5C /* DailyCombinator */;
			targetProxy = B5A587091DA56DA600028F5C /* PBXContainerItemProxy */;
		};
/* End PBXTargetDependency section */

/* Begin PBXVariantGroup section */
		B5A586ED1DA56DA600028F5C /* Main.storyboard */ = {
			isa = PBXVariantGroup;
			children = (
				B5A586EE1DA56DA600028F5C /* Base */,
			);
			name = Main.storyboard;
			sourceTree = "<group>";
		};
		B5A586F51DA56DA600028F5C /* LaunchScreen.storyboard */ = {
			isa = PBXVariantGroup;
			children = (
				B5A586F61DA56DA600028F5C /* Base */,
			);
			name = LaunchScreen.storyboard;
			sourceTree = "<group>";
		};
/* End PBXVariantGroup section */

/* Begin XCBuildConfiguration section */
		B5A5870F1DA56DA600028F5C /* Debug */ = {
			isa = XCBuildConfiguration;
			buildSettings = {
				ALWAYS_SEARCH_USER_PATHS = NO;
				CLANG_ANALYZER_NONNULL = YES;
				CLANG_CXX_LANGUAGE_STANDARD = "gnu++0x";
				CLANG_CXX_LIBRARY = "libc++";
				CLANG_ENABLE_MODULES = YES;
				CLANG_ENABLE_OBJC_ARC = YES;
				CLANG_WARN_BOOL_CONVERSION = YES;
				CLANG_WARN_CONSTANT_CONVERSION = YES;
				CLANG_WARN_DIRECT_OBJC_ISA_USAGE = YES_ERROR;
				CLANG_WARN_DOCUMENTATION_COMMENTS = YES;
				CLANG_WARN_EMPTY_BODY = YES;
				CLANG_WARN_ENUM_CONVERSION = YES;
				CLANG_WARN_INFINITE_RECURSION = YES;
				CLANG_WARN_INT_CONVERSION = YES;
				CLANG_WARN_OBJC_ROOT_CLASS = YES_ERROR;
				CLANG_WARN_SUSPICIOUS_MOVES = YES;
				CLANG_WARN_UNREACHABLE_CODE = YES;
				CLANG_WARN__DUPLICATE_METHOD_MATCH = YES;
				"CODE_SIGN_IDENTITY[sdk=iphoneos*]" = "iPhone Developer";
				COPY_PHASE_STRIP = NO;
				DEBUG_INFORMATION_FORMAT = dwarf;
				ENABLE_STRICT_OBJC_MSGSEND = YES;
				ENABLE_TESTABILITY = YES;
				GCC_C_LANGUAGE_STANDARD = gnu99;
				GCC_DYNAMIC_NO_PIC = NO;
				GCC_NO_COMMON_BLOCKS = YES;
				GCC_OPTIMIZATION_LEVEL = 0;
				GCC_PREPROCESSOR_DEFINITIONS = (
					"DEBUG=1",
					"$(inherited)",
				);
				GCC_WARN_64_TO_32_BIT_CONVERSION = YES;
				GCC_WARN_ABOUT_RETURN_TYPE = YES_ERROR;
				GCC_WARN_UNDECLARED_SELECTOR = YES;
				GCC_WARN_UNINITIALIZED_AUTOS = YES_AGGRESSIVE;
				GCC_WARN_UNUSED_FUNCTION = YES;
				GCC_WARN_UNUSED_VARIABLE = YES;
				IPHONEOS_DEPLOYMENT_TARGET = 10.0;
				MTL_ENABLE_DEBUG_INFO = YES;
				ONLY_ACTIVE_ARCH = YES;
				SDKROOT = iphoneos;
				SWIFT_ACTIVE_COMPILATION_CONDITIONS = DEBUG;
				SWIFT_OPTIMIZATION_LEVEL = "-Onone";
				TARGETED_DEVICE_FAMILY = "1,2";
			};
			name = Debug;
		};
		B5A587101DA56DA600028F5C /* Release */ = {
			isa = XCBuildConfiguration;
			buildSettings = {
				ALWAYS_SEARCH_USER_PATHS = NO;
				CLANG_ANALYZER_NONNULL = YES;
				CLANG_CXX_LANGUAGE_STANDARD = "gnu++0x";
				CLANG_CXX_LIBRARY = "libc++";
				CLANG_ENABLE_MODULES = YES;
				CLANG_ENABLE_OBJC_ARC = YES;
				CLANG_WARN_BOOL_CONVERSION = YES;
				CLANG_WARN_CONSTANT_CONVERSION = YES;
				CLANG_WARN_DIRECT_OBJC_ISA_USAGE = YES_ERROR;
				CLANG_WARN_DOCUMENTATION_COMMENTS = YES;
				CLANG_WARN_EMPTY_BODY = YES;
				CLANG_WARN_ENUM_CONVERSION = YES;
				CLANG_WARN_INFINITE_RECURSION = YES;
				CLANG_WARN_INT_CONVERSION = YES;
				CLANG_WARN_OBJC_ROOT_CLASS = YES_ERROR;
				CLANG_WARN_SUSPICIOUS_MOVES = YES;
				CLANG_WARN_UNREACHABLE_CODE = YES;
				CLANG_WARN__DUPLICATE_METHOD_MATCH = YES;
				"CODE_SIGN_IDENTITY[sdk=iphoneos*]" = "iPhone Developer";
				COPY_PHASE_STRIP = NO;
				DEBUG_INFORMATION_FORMAT = "dwarf-with-dsym";
				ENABLE_NS_ASSERTIONS = NO;
				ENABLE_STRICT_OBJC_MSGSEND = YES;
				GCC_C_LANGUAGE_STANDARD = gnu99;
				GCC_NO_COMMON_BLOCKS = YES;
				GCC_WARN_64_TO_32_BIT_CONVERSION = YES;
				GCC_WARN_ABOUT_RETURN_TYPE = YES_ERROR;
				GCC_WARN_UNDECLARED_SELECTOR = YES;
				GCC_WARN_UNINITIALIZED_AUTOS = YES_AGGRESSIVE;
				GCC_WARN_UNUSED_FUNCTION = YES;
				GCC_WARN_UNUSED_VARIABLE = YES;
				IPHONEOS_DEPLOYMENT_TARGET = 10.0;
				MTL_ENABLE_DEBUG_INFO = NO;
				SDKROOT = iphoneos;
				SWIFT_OPTIMIZATION_LEVEL = "-Owholemodule";
				TARGETED_DEVICE_FAMILY = "1,2";
				VALIDATE_PRODUCT = YES;
			};
			name = Release;
		};
		B5A587121DA56DA600028F5C /* Debug */ = {
			isa = XCBuildConfiguration;
			buildSettings = {
				ASSETCATALOG_COMPILER_APPICON_NAME = AppIcon;
				DEVELOPMENT_TEAM = 97JRRX372K;
				FRAMEWORK_SEARCH_PATHS = (
					"$(inherited)",
					"$(PROJECT_DIR)/External/ReactiveCocoa/Carthage/Checkouts/Result",
					"$(PROJECT_DIR)",
					"$(PROJECT_DIR)/External",
				);
				HEADER_SEARCH_PATHS = (
					"$(BUILD_ROOT)/../IntermediateBuildFilesPath/UninstalledProducts/include",
					"$(inherited)",
				);
				INFOPLIST_FILE = DailyCombinator/Info.plist;
				LD_RUNPATH_SEARCH_PATHS = "$(inherited) @executable_path/Frameworks";
				OTHER_LDFLAGS = "-ObjC";
				PRODUCT_BUNDLE_IDENTIFIER = constellation.DailyCombinator;
				PRODUCT_NAME = "$(TARGET_NAME)";
				SWIFT_VERSION = 3.0;
			};
			name = Debug;
		};
		B5A587131DA56DA600028F5C /* Release */ = {
			isa = XCBuildConfiguration;
			buildSettings = {
				ASSETCATALOG_COMPILER_APPICON_NAME = AppIcon;
				DEVELOPMENT_TEAM = 97JRRX372K;
				FRAMEWORK_SEARCH_PATHS = (
					"$(inherited)",
					"$(PROJECT_DIR)/External/ReactiveCocoa/Carthage/Checkouts/Result",
					"$(PROJECT_DIR)",
					"$(PROJECT_DIR)/External",
				);
				HEADER_SEARCH_PATHS = (
					"$(BUILD_ROOT)/../IntermediateBuildFilesPath/UninstalledProducts/include",
					"$(inherited)",
				);
				INFOPLIST_FILE = DailyCombinator/Info.plist;
				LD_RUNPATH_SEARCH_PATHS = "$(inherited) @executable_path/Frameworks";
				OTHER_LDFLAGS = "-ObjC";
				PRODUCT_BUNDLE_IDENTIFIER = constellation.DailyCombinator;
				PRODUCT_NAME = "$(TARGET_NAME)";
				SWIFT_VERSION = 3.0;
			};
			name = Release;
		};
		B5A587151DA56DA600028F5C /* Debug */ = {
			isa = XCBuildConfiguration;
			buildSettings = {
				ALWAYS_EMBED_SWIFT_STANDARD_LIBRARIES = YES;
				BUNDLE_LOADER = "$(TEST_HOST)";
				DEVELOPMENT_TEAM = 97JRRX372K;
				INFOPLIST_FILE = DailyCombinatorTests/Info.plist;
				LD_RUNPATH_SEARCH_PATHS = "$(inherited) @executable_path/Frameworks @loader_path/Frameworks";
				PRODUCT_BUNDLE_IDENTIFIER = constellation.DailyCombinatorTests;
				PRODUCT_NAME = "$(TARGET_NAME)";
				SWIFT_VERSION = 3.0;
				TEST_HOST = "$(BUILT_PRODUCTS_DIR)/DailyCombinator.app/DailyCombinator";
			};
			name = Debug;
		};
		B5A587161DA56DA600028F5C /* Release */ = {
			isa = XCBuildConfiguration;
			buildSettings = {
				ALWAYS_EMBED_SWIFT_STANDARD_LIBRARIES = YES;
				BUNDLE_LOADER = "$(TEST_HOST)";
				DEVELOPMENT_TEAM = 97JRRX372K;
				INFOPLIST_FILE = DailyCombinatorTests/Info.plist;
				LD_RUNPATH_SEARCH_PATHS = "$(inherited) @executable_path/Frameworks @loader_path/Frameworks";
				PRODUCT_BUNDLE_IDENTIFIER = constellation.DailyCombinatorTests;
				PRODUCT_NAME = "$(TARGET_NAME)";
				SWIFT_VERSION = 3.0;
				TEST_HOST = "$(BUILT_PRODUCTS_DIR)/DailyCombinator.app/DailyCombinator";
			};
			name = Release;
		};
		B5A587181DA56DA600028F5C /* Debug */ = {
			isa = XCBuildConfiguration;
			buildSettings = {
				ALWAYS_EMBED_SWIFT_STANDARD_LIBRARIES = YES;
				DEVELOPMENT_TEAM = 97JRRX372K;
				INFOPLIST_FILE = DailyCombinatorUITests/Info.plist;
				LD_RUNPATH_SEARCH_PATHS = "$(inherited) @executable_path/Frameworks @loader_path/Frameworks";
				PRODUCT_BUNDLE_IDENTIFIER = constellation.DailyCombinatorUITests;
				PRODUCT_NAME = "$(TARGET_NAME)";
				SWIFT_VERSION = 3.0;
				TEST_TARGET_NAME = DailyCombinator;
			};
			name = Debug;
		};
		B5A587191DA56DA600028F5C /* Release */ = {
			isa = XCBuildConfiguration;
			buildSettings = {
				ALWAYS_EMBED_SWIFT_STANDARD_LIBRARIES = YES;
				DEVELOPMENT_TEAM = 97JRRX372K;
				INFOPLIST_FILE = DailyCombinatorUITests/Info.plist;
				LD_RUNPATH_SEARCH_PATHS = "$(inherited) @executable_path/Frameworks @loader_path/Frameworks";
				PRODUCT_BUNDLE_IDENTIFIER = constellation.DailyCombinatorUITests;
				PRODUCT_NAME = "$(TARGET_NAME)";
				SWIFT_VERSION = 3.0;
				TEST_TARGET_NAME = DailyCombinator;
			};
			name = Release;
		};
/* End XCBuildConfiguration section */

/* Begin XCConfigurationList section */
		B5A586E11DA56DA600028F5C /* Build configuration list for PBXProject "DailyCombinator" */ = {
			isa = XCConfigurationList;
			buildConfigurations = (
				B5A5870F1DA56DA600028F5C /* Debug */,
				B5A587101DA56DA600028F5C /* Release */,
			);
			defaultConfigurationIsVisible = 0;
			defaultConfigurationName = Release;
		};
		B5A587111DA56DA600028F5C /* Build configuration list for PBXNativeTarget "DailyCombinator" */ = {
			isa = XCConfigurationList;
			buildConfigurations = (
				B5A587121DA56DA600028F5C /* Debug */,
				B5A587131DA56DA600028F5C /* Release */,
			);
			defaultConfigurationIsVisible = 0;
			defaultConfigurationName = Release;
		};
		B5A587141DA56DA600028F5C /* Build configuration list for PBXNativeTarget "DailyCombinatorTests" */ = {
			isa = XCConfigurationList;
			buildConfigurations = (
				B5A587151DA56DA600028F5C /* Debug */,
				B5A587161DA56DA600028F5C /* Release */,
			);
			defaultConfigurationIsVisible = 0;
			defaultConfigurationName = Release;
		};
		B5A587171DA56DA600028F5C /* Build configuration list for PBXNativeTarget "DailyCombinatorUITests" */ = {
			isa = XCConfigurationList;
			buildConfigurations = (
				B5A587181DA56DA600028F5C /* Debug */,
				B5A587191DA56DA600028F5C /* Release */,
			);
			defaultConfigurationIsVisible = 0;
			defaultConfigurationName = Release;
		};
/* End XCConfigurationList section */

/* Begin XCVersionGroup section */
		B5A586F01DA56DA600028F5C /* DailyCombinator.xcdatamodeld */ = {
			isa = XCVersionGroup;
			children = (
				B5A586F11DA56DA600028F5C /* DailyCombinator.xcdatamodel */,
			);
			currentVersion = B5A586F11DA56DA600028F5C /* DailyCombinator.xcdatamodel */;
			path = DailyCombinator.xcdatamodeld;
			sourceTree = "<group>";
			versionGroupType = wrapper.xcdatamodel;
		};
/* End XCVersionGroup section */
	};
	rootObject = B5A586DE1DA56DA600028F5C /* Project object */;
}
